
Microsoft Visual Studio Solution File, Format Version 12.00
# Visual Studio Version 17
VisualStudioVersion = 17.8.34511.84
MinimumVisualStudioVersion = 10.0.40219.1
Project("{FAE04EC0-301F-11D3-BF4B-00C04F79EFBC}") = "2пк2_Аниськов", "2пк2_Аниськов\2пк2_Аниськов.csproj", "{9A418CA9-E7F4-409E-87D3-6663C453F146}"
EndProject
Global
	GlobalSection(SolutionConfigurationPlatforms) = preSolution
		Debug|Any CPU = Debug|Any CPU
		Release|Any CPU = Release|Any CPU
	EndGlobalSection
	GlobalSection(ProjectConfigurationPlatforms) = postSolution
		{9A418CA9-E7F4-409E-87D3-6663C453F146}.Debug|Any CPU.ActiveCfg = Debug|Any CPU
		{9A418CA9-E7F4-409E-87D3-6663C453F146}.Debug|Any CPU.Build.0 = Debug|Any CPU
		{9A418CA9-E7F4-409E-87D3-6663C453F146}.Release|Any CPU.ActiveCfg = Release|Any CPU
		{9A418CA9-E7F4-409E-87D3-6663C453F146}.Release|Any CPU.Build.0 = Release|Any CPU
	EndGlobalSection
	GlobalSection(SolutionProperties) = preSolution
		HideSolutionNode = FALSE
	EndGlobalSection
	GlobalSection(ExtensibilityGlobals) = postSolution
		SolutionGuid = {2BA5D552-33EA-4DC2-9E30-34D99390A452}
	EndGlobalSection
EndGlobal
